<?xml version="1.0" encoding="utf-8"?>
<Project ToolsVersion="4.0" xmlns="http://schemas.microsoft.com/developer/msbuild/2003">
  <ItemGroup>
    <Filter Include="Generated Files">
      <UniqueIdentifier>{71ED8ED8-ACB9-4CE9-BBE1-E00B30144E11}</UniqueIdentifier>
      <Extensions>moc;h;cpp</Extensions>
      <SourceControlFiles>False</SourceControlFiles>
    </Filter>
    <Filter Include="UICreator">
      <UniqueIdentifier>{b1eb88d4-e06a-4e2a-8681-11517e83a33c}</UniqueIdentifier>
    </Filter>
    <Filter Include="UIs">
      <UniqueIdentifier>{5007dc36-bd57-4c64-b50b-ff86565090f7}</UniqueIdentifier>
    </Filter>
    <Filter Include="Generated Files\Debug">
      <UniqueIdentifier>{5c4855ca-6fad-4a5d-a29f-a461cdceb34c}</UniqueIdentifier>
      <Extensions>cpp;moc</Extensions>
      <SourceControlFiles>False</SourceControlFiles>
    </Filter>
    <Filter Include="Generated Files\Release">
      <UniqueIdentifier>{fa8d05cc-11ac-47ab-8b2f-e43e2b17fff1}</UniqueIdentifier>
      <Extensions>cpp;moc</Extensions>
      <SourceControlFiles>False</SourceControlFiles>
    </Filter>
    <Filter Include="Utils">
      <UniqueIdentifier>{87afa9d0-610c-42fc-871d-42b99c719a5e}</UniqueIdentifier>
    </Filter>
    <Filter Include="Res">
      <UniqueIdentifier>{0f9b5170-4438-42e1-884f-09e6d9555269}</UniqueIdentifier>
    </Filter>
    <Filter Include="Common">
      <UniqueIdentifier>{79c28b68-c2b5-43fa-927f-99c8da104a0b}</UniqueIdentifier>
    </Filter>
    <Filter Include="headers">
      <UniqueIdentifier>{0b7cc593-0d0d-4ba8-88bd-6a420252134f}</UniqueIdentifier>
    </Filter>
  </ItemGroup>
  <ItemGroup>
    <ClCompile Include="UIs\Activity.cpp">
      <Filter>UIs</Filter>
    </ClCompile>
    <ClCompile Include="UIs\AsynchronousAction.cpp">
      <Filter>UIs</Filter>
    </ClCompile>
    <ClCompile Include="GeneratedFiles\Debug\moc_AsynchronousAction.cpp">
      <Filter>Generated Files\Debug</Filter>
    </ClCompile>
    <ClCompile Include="GeneratedFiles\Release\moc_AsynchronousAction.cpp">
      <Filter>Generated Files\Release</Filter>
    </ClCompile>
    <ClCompile Include="UIs\ClickListenser.cpp">
      <Filter>UIs</Filter>
    </ClCompile>
    <ClCompile Include="UIs\CustomActivity.cpp">
      <Filter>UIs</Filter>
    </ClCompile>
    <ClCompile Include="UIs\Listener.cpp">
      <Filter>UIs</Filter>
    </ClCompile>
    <ClCompile Include="UIs\sl_AnimationWidget.cpp">
      <Filter>UIs</Filter>
    </ClCompile>
    <ClCompile Include="UIs\sl_Button.cpp">
      <Filter>UIs</Filter>
    </ClCompile>
    <ClCompile Include="UIs\sl_ImageWidget.cpp">
      <Filter>UIs</Filter>
    </ClCompile>
    <ClCompile Include="UIs\sl_MutexButtonBox.cpp">
      <Filter>UIs</Filter>
    </ClCompile>
    <ClCompile Include="UIs\SplashWindow.cpp">
      <Filter>UIs</Filter>
    </ClCompile>
    <ClCompile Include="UIs\TitleBar.cpp">
      <Filter>UIs</Filter>
    </ClCompile>
    <ClCompile Include="GeneratedFiles\Debug\moc_TitleBar.cpp">
      <Filter>Generated Files\Debug</Filter>
    </ClCompile>
    <ClCompile Include="GeneratedFiles\Release\moc_TitleBar.cpp">
      <Filter>Generated Files\Release</Filter>
    </ClCompile>
    <ClCompile Include="UIs\TriStateBtnClickListener.cpp">
      <Filter>UIs</Filter>
    </ClCompile>
    <ClCompile Include="GeneratedFiles\Debug\moc_TriStateBtnClickListener.cpp">
      <Filter>Generated Files\Debug</Filter>
    </ClCompile>
    <ClCompile Include="GeneratedFiles\Release\moc_TriStateBtnClickListener.cpp">
      <Filter>Generated Files\Release</Filter>
    </ClCompile>
    <ClCompile Include="Res\R.cpp">
      <Filter>Res</Filter>
    </ClCompile>
    <ClCompile Include="Res\res_config.cpp">
      <Filter>Res</Filter>
    </ClCompile>
    <ClCompile Include="Res\res_menu.cpp">
      <Filter>Res</Filter>
    </ClCompile>
    <ClCompile Include="Res\res_shortcut.cpp">
      <Filter>Res</Filter>
    </ClCompile>
    <ClCompile Include="Res\res_string.cpp">
      <Filter>Res</Filter>
    </ClCompile>
    <ClCompile Include="Res\res_style.cpp">
      <Filter>Res</Filter>
    </ClCompile>
    <ClCompile Include="Res\res_ui.cpp">
      <Filter>Res</Filter>
    </ClCompile>
    <ClCompile Include="Res\res_uicommand.cpp">
      <Filter>Res</Filter>
    </ClCompile>
    <ClCompile Include="Utils\Log.cpp">
      <Filter>Utils</Filter>
    </ClCompile>
    <ClCompile Include="Utils\qt_standard.cpp">
      <Filter>Utils</Filter>
    </ClCompile>
    <ClCompile Include="Utils\util.cpp">
      <Filter>Utils</Filter>
    </ClCompile>
    <ClCompile Include="Utils\variant.cpp">
      <Filter>Utils</Filter>
    </ClCompile>
    <ClCompile Include="Utils\xml_util.cpp">
      <Filter>Utils</Filter>
    </ClCompile>
    <ClCompile Include="Uicreator\event_handler.cpp">
      <Filter>UICreator</Filter>
    </ClCompile>
    <ClCompile Include="GeneratedFiles\Debug\moc_event_handler.cpp">
      <Filter>Generated Files\Debug</Filter>
    </ClCompile>
    <ClCompile Include="GeneratedFiles\Release\moc_event_handler.cpp">
      <Filter>Generated Files\Release</Filter>
    </ClCompile>
    <ClCompile Include="Uicreator\qt_command_executor.cpp">
      <Filter>UICreator</Filter>
    </ClCompile>
    <ClCompile Include="GeneratedFiles\Debug\moc_qt_command_executor.cpp">
      <Filter>Generated Files\Debug</Filter>
    </ClCompile>
    <ClCompile Include="GeneratedFiles\Release\moc_qt_command_executor.cpp">
      <Filter>Generated Files\Release</Filter>
    </ClCompile>
    <ClCompile Include="Uicreator\qt_ui_assembler.cpp">
      <Filter>UICreator</Filter>
    </ClCompile>
    <ClCompile Include="Uicreator\qt_uicommand_executor.cpp">
      <Filter>UICreator</Filter>
    </ClCompile>
    <ClCompile Include="Uicreator\ui_node.cpp">
      <Filter>UICreator</Filter>
    </ClCompile>
    <ClCompile Include="Uicreator\xml_node.cpp">
      <Filter>UICreator</Filter>
    </ClCompile>
    <ClCompile Include="Uicreator\xml_ui_paser.cpp">
      <Filter>UICreator</Filter>
    </ClCompile>
    <ClCompile Include="Common\app_env.cpp">
      <Filter>Common</Filter>
    </ClCompile>
    <ClCompile Include="Common\qt_context.cpp">
      <Filter>Common</Filter>
    </ClCompile>
    <ClCompile Include="GeneratedFiles\Debug\moc_ClickListenser.cpp">
      <Filter>Generated Files\Debug</Filter>
    </ClCompile>
    <ClCompile Include="GeneratedFiles\Release\moc_ClickListenser.cpp">
      <Filter>Generated Files\Release</Filter>
    </ClCompile>
    <ClCompile Include="GeneratedFiles\Debug\moc_Listener.cpp">
      <Filter>Generated Files\Debug</Filter>
    </ClCompile>
    <ClCompile Include="GeneratedFiles\Release\moc_Listener.cpp">
      <Filter>Generated Files\Release</Filter>
    </ClCompile>
    <ClCompile Include="GeneratedFiles\Debug\moc_sl_Button.cpp">
      <Filter>Generated Files\Debug</Filter>
    </ClCompile>
    <ClCompile Include="GeneratedFiles\Release\moc_sl_Button.cpp">
      <Filter>Generated Files\Release</Filter>
    </ClCompile>
    <ClCompile Include="GeneratedFiles\Debug\moc_SplashWindow.cpp">
      <Filter>Generated Files\Debug</Filter>
    </ClCompile>
    <ClCompile Include="GeneratedFiles\Release\moc_SplashWindow.cpp">
      <Filter>Generated Files\Release</Filter>
    </ClCompile>
    <ClCompile Include="UIs\sl_VectorContainer.cpp">
      <Filter>UIs</Filter>
    </ClCompile>
    <ClCompile Include="UIs\sl_MapContainer.cpp">
      <Filter>UIs</Filter>
    </ClCompile>
    <ClCompile Include="UIs\GraphicButton.cpp">
      <Filter>UIs</Filter>
    </ClCompile>
    <ClCompile Include="GeneratedFiles\Debug\moc_GraphicButton.cpp">
      <Filter>Generated Files\Debug</Filter>
    </ClCompile>
    <ClCompile Include="GeneratedFiles\Release\moc_GraphicButton.cpp">
      <Filter>Generated Files\Release</Filter>
    </ClCompile>
    <ClCompile Include="UIs\GraphicButtonGroup.cpp">
      <Filter>UIs</Filter>
    </ClCompile>
    <ClCompile Include="GeneratedFiles\Debug\moc_GraphicButtonGroup.cpp">
      <Filter>Generated Files\Debug</Filter>
    </ClCompile>
    <ClCompile Include="GeneratedFiles\Release\moc_GraphicButtonGroup.cpp">
      <Filter>Generated Files\Release</Filter>
    </ClCompile>
    <ClCompile Include="UIs\sl_ToolPanel.cpp">
      <Filter>UIs</Filter>
    </ClCompile>
    <ClCompile Include="Res\res_toolpanel.cpp">
      <Filter>Res</Filter>
    </ClCompile>
    <ClCompile Include="GeneratedFiles\Debug\moc_CustomActivity.cpp">
      <Filter>Generated Files\Debug</Filter>
    </ClCompile>
    <ClCompile Include="GeneratedFiles\Release\moc_CustomActivity.cpp">
      <Filter>Generated Files\Release</Filter>
    </ClCompile>
    <ClCompile Include="GeneratedFiles\Debug\moc_Activity.cpp">
      <Filter>Generated Files\Debug</Filter>
    </ClCompile>
    <ClCompile Include="GeneratedFiles\Release\moc_Activity.cpp">
      <Filter>Generated Files\Release</Filter>
    </ClCompile>
    <ClCompile Include="Uicreator\qt_ui_creater.cpp">
      <Filter>UICreator</Filter>
    </ClCompile>
    <ClCompile Include="Utils\QObjectFactory.cpp">
      <Filter>Utils</Filter>
    </ClCompile>
    <ClCompile Include="Utils\PluginFactory.cpp">
      <Filter>Utils</Filter>
    </ClCompile>
  </ItemGroup>
  <ItemGroup>
    <CustomBuild Include="UIs\AsynchronousAction.h">
      <Filter>UIs</Filter>
    </CustomBuild>
    <CustomBuild Include="UIs\TitleBar.h">
      <Filter>UIs</Filter>
    </CustomBuild>
    <CustomBuild Include="UIs\TriStateBtnClickListener.h">
      <Filter>UIs</Filter>
    </CustomBuild>
    <CustomBuild Include="Uicreator\event_handler.h">
      <Filter>UICreator</Filter>
    </CustomBuild>
    <CustomBuild Include="Uicreator\qt_command_executor.h">
      <Filter>UICreator</Filter>
    </CustomBuild>
    <CustomBuild Include="..\..\include\qtframework\UIs\Activity.h">
      <Filter>UIs</Filter>
    </CustomBuild>
    <CustomBuild Include="..\..\include\qtframework\UIs\ClickListenser.h">
      <Filter>UIs</Filter>
    </CustomBuild>
    <CustomBuild Include="..\..\include\qtframework\UIs\Listener.h">
      <Filter>UIs</Filter>
    </CustomBuild>
    <CustomBuild Include="..\..\include\qtframework\UIs\sl_Button.h">
      <Filter>UIs</Filter>
    </CustomBuild>
    <CustomBuild Include="..\..\include\qtframework\UIs\SplashWindow.h">
      <Filter>UIs</Filter>
    </CustomBuild>
    <CustomBuild Include="..\..\include\qtframework\UIs\CustomActivity.h">
      <Filter>UIs</Filter>
    </CustomBuild>
    <CustomBuild Include="UIs\GraphicButton.h">
      <Filter>UIs</Filter>
    </CustomBuild>
    <CustomBuild Include="UIs\GraphicButtonGroup.h">
      <Filter>UIs</Filter>
    </CustomBuild>
    <CustomBuild Include="UIs\sl_qtablewidgetitem.ui">
      <Filter>UIs</Filter>
    </CustomBuild>
    <CustomBuild Include="Uicreator\qt_uicommand_executor.h">
      <Filter>UICreator</Filter>
    </CustomBuild>
    <CustomBuild Include="Uicreator\qt_ui_assembler.h">
      <Filter>UICreator</Filter>
    </CustomBuild>
    <CustomBuild Include="Uicreator\ui_node.h">
      <Filter>UICreator</Filter>
    </CustomBuild>
    <CustomBuild Include="Uicreator\xml_node.h">
      <Filter>UICreator</Filter>
    </CustomBuild>
    <CustomBuild Include="Uicreator\xml_ui_paser.h">
      <Filter>UICreator</Filter>
    </CustomBuild>
    <CustomBuild Include="..\..\include\qtframework\UIs\sl_AnimationWidget.h">
      <Filter>UIs</Filter>
    </CustomBuild>
    <CustomBuild Include="..\..\include\qtframework\UIs\sl_ImageWidget.h">
      <Filter>UIs</Filter>
    </CustomBuild>
    <CustomBuild Include="..\..\include\qtframework\UIs\sl_MapContainer.h">
      <Filter>UIs</Filter>
    </CustomBuild>
    <CustomBuild Include="..\..\include\qtframework\UIs\sl_MutexButtonBox.h">
      <Filter>UIs</Filter>
    </CustomBuild>
    <CustomBuild Include="..\..\include\qtframework\UIs\sl_VectorContainer.h">
      <Filter>UIs</Filter>
    </CustomBuild>
    <CustomBuild Include="UIs\sl_ToolPanel.h">
      <Filter>UIs</Filter>
    </CustomBuild>
    <CustomBuild Include="..\..\include\qtframework\Utils\Log.h">
      <Filter>Utils</Filter>
    </CustomBuild>
    <CustomBuild Include="..\..\include\qtframework\Utils\variant.h">
      <Filter>Utils</Filter>
    </CustomBuild>
    <CustomBuild Include="..\..\include\qtframework\Utils\xml_util.h">
      <Filter>Utils</Filter>
    </CustomBuild>
    <CustomBuild Include="Utils\qt_standard.h">
      <Filter>Utils</Filter>
    </CustomBuild>
    <CustomBuild Include="Utils\util.h">
      <Filter>Utils</Filter>
    </CustomBuild>
    <CustomBuild Include="..\..\include\qtframework\Res\R.h">
      <Filter>Res</Filter>
    </CustomBuild>
    <CustomBuild Include="Res\res_config.h">
      <Filter>Res</Filter>
    </CustomBuild>
    <CustomBuild Include="Res\res_menu.h">
      <Filter>Res</Filter>
    </CustomBuild>
    <CustomBuild Include="Res\res_shortcut.h">
      <Filter>Res</Filter>
    </CustomBuild>
    <CustomBuild Include="Res\res_string.h">
      <Filter>Res</Filter>
    </CustomBuild>
    <CustomBuild Include="Res\res_style.h">
      <Filter>Res</Filter>
    </CustomBuild>
    <CustomBuild Include="Res\res_toolpanel.h">
      <Filter>Res</Filter>
    </CustomBuild>
    <CustomBuild Include="Res\res_ui.h">
      <Filter>Res</Filter>
    </CustomBuild>
    <CustomBuild Include="Res\res_uicommand.h">
      <Filter>Res</Filter>
    </CustomBuild>
    <CustomBuild Include="..\..\include\qtframework\Common\app_env.h">
      <Filter>Common</Filter>
    </CustomBuild>
    <CustomBuild Include="..\..\include\qtframework\Common\qtframework_com.h">
      <Filter>Common</Filter>
    </CustomBuild>
    <CustomBuild Include="..\..\include\qtframework\Common\qt_context.h">
      <Filter>Common</Filter>
    </CustomBuild>
    <CustomBuild Include="..\..\include\qtframework\qf_messagedef.h">
      <Filter>headers</Filter>
    </CustomBuild>
    <CustomBuild Include="Uicreator\qt_ui_creater.h">
      <Filter>UICreator</Filter>
    </CustomBuild>
  </ItemGroup>
  <ItemGroup>
    <ClInclude Include="Utils\QObjectFactory.h">
      <Filter>Utils</Filter>
    </ClInclude>
    <ClInclude Include="UIs\QF_Plugin.h">
      <Filter>UIs</Filter>
    </ClInclude>
    <ClInclude Include="Utils\PluginFactory.h">
      <Filter>Utils</Filter>
    </ClInclude>
  </ItemGroup>
</Project>